// !$*UTF8*$!
{
	archiveVersion = 1;
	classes = {
	};
	objectVersion = 46;
	objects = {

/* Begin PBXBuildFile section */
		0725A22E1B7FCAA70002B7A0 /* main.m in Sources */ = {isa = PBXBuildFile; fileRef = 0725A22D1B7FCAA70002B7A0 /* main.m */; };
		0725A2311B7FCAA70002B7A0 /* AppDelegate.m in Sources */ = {isa = PBXBuildFile; fileRef = 0725A2301B7FCAA70002B7A0 /* AppDelegate.m */; };
		0725A2341B7FCAA70002B7A0 /* ViewController.m in Sources */ = {isa = PBXBuildFile; fileRef = 0725A2331B7FCAA70002B7A0 /* ViewController.m */; };
		0725A2391B7FCAA70002B7A0 /* Images.xcassets in Resources */ = {isa = PBXBuildFile; fileRef = 0725A2381B7FCAA70002B7A0 /* Images.xcassets */; };
		0725A23C1B7FCAA70002B7A0 /* LaunchScreen.xib in Resources */ = {isa = PBXBuildFile; fileRef = 0725A23A1B7FCAA70002B7A0 /* LaunchScreen.xib */; };
		0725A2481B7FCAA70002B7A0 /* BmwAppTests.m in Sources */ = {isa = PBXBuildFile; fileRef = 0725A2471B7FCAA70002B7A0 /* BmwAppTests.m */; };
		0725A2531B7FEA320002B7A0 /* MainViewController.m in Sources */ = {isa = PBXBuildFile; fileRef = 0725A2521B7FEA320002B7A0 /* MainViewController.m */; };
		0725A2551B7FEB760002B7A0 /* MapKit.framework in Frameworks */ = {isa = PBXBuildFile; fileRef = 0725A2541B7FEB760002B7A0 /* MapKit.framework */; };
		0725A25B1B8039C20002B7A0 /* BMW motorrad maze.jpg in Resources */ = {isa = PBXBuildFile; fileRef = 0725A2561B8039C20002B7A0 /* BMW motorrad maze.jpg */; };
		0725A25C1B8039C20002B7A0 /* BMW-K1600-GT-Wallpaper-04.jpg in Resources */ = {isa = PBXBuildFile; fileRef = 0725A2571B8039C20002B7A0 /* BMW-K1600-GT-Wallpaper-04.jpg */; };
		0725A25D1B8039C20002B7A0 /* BMW-Z4-2013-Facelift-E89-LCI-Wallpaper-1920x1200-06.jpg in Resources */ = {isa = PBXBuildFile; fileRef = 0725A2581B8039C20002B7A0 /* BMW-Z4-2013-Facelift-E89-LCI-Wallpaper-1920x1200-06.jpg */; };
		0725A25E1B8039C20002B7A0 /* wallpaper_1600x1200_planet_power_02.jpg in Resources */ = {isa = PBXBuildFile; fileRef = 0725A2591B8039C20002B7A0 /* wallpaper_1600x1200_planet_power_02.jpg */; };
		0725A25F1B8039C20002B7A0 /* wallpaper_gs_legend_1440x900_03.jpg in Resources */ = {isa = PBXBuildFile; fileRef = 0725A25A1B8039C20002B7A0 /* wallpaper_gs_legend_1440x900_03.jpg */; };
		0725A2621B8046BE0002B7A0 /* LocationSingleton.m in Sources */ = {isa = PBXBuildFile; fileRef = 0725A2611B8046BE0002B7A0 /* LocationSingleton.m */; };
		07CA2C411B80E39100C8625B /* ProfileViewController.m in Sources */ = {isa = PBXBuildFile; fileRef = 07CA2C401B80E39100C8625B /* ProfileViewController.m */; };
		07CA2C431B80F49A00C8625B /* joseluis.jpg in Resources */ = {isa = PBXBuildFile; fileRef = 07CA2C421B80F49A00C8625B /* joseluis.jpg */; };
		07CA2C481B80F76B00C8625B /* iPhone6Resolution.png in Resources */ = {isa = PBXBuildFile; fileRef = 07CA2C441B80F76B00C8625B /* iPhone6Resolution.png */; };
		07CA2C491B80F76B00C8625B /* iPhone6Resolution_2.png in Resources */ = {isa = PBXBuildFile; fileRef = 07CA2C451B80F76B00C8625B /* iPhone6Resolution_2.png */; };
		07CA2C4A1B80F76B00C8625B /* iPhone6Resolution_3.png in Resources */ = {isa = PBXBuildFile; fileRef = 07CA2C461B80F76B00C8625B /* iPhone6Resolution_3.png */; };
		07CA2C4B1B80F76B00C8625B /* iPhone6Resolution_4.png in Resources */ = {isa = PBXBuildFile; fileRef = 07CA2C471B80F76B00C8625B /* iPhone6Resolution_4.png */; };
		A01C7BE01B809535008CEB90 /* AddUserInfoViewController.m in Sources */ = {isa = PBXBuildFile; fileRef = A01C7BDF1B809535008CEB90 /* AddUserInfoViewController.m */; };
		A01C7BE21B809966008CEB90 /* AddressBook.framework in Frameworks */ = {isa = PBXBuildFile; fileRef = A01C7BE11B809966008CEB90 /* AddressBook.framework */; };
		A01C7BE41B80996C008CEB90 /* AddressBookUI.framework in Frameworks */ = {isa = PBXBuildFile; fileRef = A01C7BE31B80996C008CEB90 /* AddressBookUI.framework */; };
		A01C7BEF1B809C02008CEB90 /* ABContact.m in Sources */ = {isa = PBXBuildFile; fileRef = A01C7BE71B809C02008CEB90 /* ABContact.m */; };
		A01C7BF01B809C02008CEB90 /* ABContactsHelper.m in Sources */ = {isa = PBXBuildFile; fileRef = A01C7BE91B809C02008CEB90 /* ABContactsHelper.m */; };
		A01C7BF11B809C02008CEB90 /* ABGroup.m in Sources */ = {isa = PBXBuildFile; fileRef = A01C7BEB1B809C02008CEB90 /* ABGroup.m */; };
		A01C7BF21B809C02008CEB90 /* ABStandin.m in Sources */ = {isa = PBXBuildFile; fileRef = A01C7BED1B809C02008CEB90 /* ABStandin.m */; };
		A01C7C061B80B06B008CEB90 /* FacebookSDKStrings.bundle in Resources */ = {isa = PBXBuildFile; fileRef = A01C7C051B80B06B008CEB90 /* FacebookSDKStrings.bundle */; };
		A02CF4021B80B461009AD983 /* Bolts.framework in Frameworks */ = {isa = PBXBuildFile; fileRef = A02CF3F91B80B461009AD983 /* Bolts.framework */; };
		A02CF4031B80B461009AD983 /* FBSDKCoreKit.framework in Frameworks */ = {isa = PBXBuildFile; fileRef = A02CF3FA1B80B461009AD983 /* FBSDKCoreKit.framework */; };
		A02CF4041B80B461009AD983 /* FBSDKLoginKit.framework in Frameworks */ = {isa = PBXBuildFile; fileRef = A02CF3FB1B80B461009AD983 /* FBSDKLoginKit.framework */; };
		A02CF4051B80B461009AD983 /* FBSDKShareKit.framework in Frameworks */ = {isa = PBXBuildFile; fileRef = A02CF3FC1B80B461009AD983 /* FBSDKShareKit.framework */; };
		A02CF4061B80B461009AD983 /* Parse.framework in Frameworks */ = {isa = PBXBuildFile; fileRef = A02CF3FD1B80B461009AD983 /* Parse.framework */; };
		A02CF4071B80B461009AD983 /* ParseCrashReporting.framework in Frameworks */ = {isa = PBXBuildFile; fileRef = A02CF3FE1B80B461009AD983 /* ParseCrashReporting.framework */; };
		A02CF4091B80B461009AD983 /* ParseFacebookUtilsV4.framework in Frameworks */ = {isa = PBXBuildFile; fileRef = A02CF4001B80B461009AD983 /* ParseFacebookUtilsV4.framework */; };
		A02CF40A1B80B461009AD983 /* ParseUI.framework in Frameworks */ = {isa = PBXBuildFile; fileRef = A02CF4011B80B461009AD983 /* ParseUI.framework */; };
		A02CF40C1B80B496009AD983 /* AudioToolbox.framework in Frameworks */ = {isa = PBXBuildFile; fileRef = A02CF40B1B80B496009AD983 /* AudioToolbox.framework */; };
		A02CF40E1B80B49B009AD983 /* CFNetwork.framework in Frameworks */ = {isa = PBXBuildFile; fileRef = A02CF40D1B80B49B009AD983 /* CFNetwork.framework */; };
		A02CF4101B80B4A5009AD983 /* CoreGraphics.framework in Frameworks */ = {isa = PBXBuildFile; fileRef = A02CF40F1B80B4A5009AD983 /* CoreGraphics.framework */; };
		A02CF4121B80B4A9009AD983 /* CoreLocation.framework in Frameworks */ = {isa = PBXBuildFile; fileRef = A02CF4111B80B4A9009AD983 /* CoreLocation.framework */; };
		A02CF4141B80B4B2009AD983 /* QuartzCore.framework in Frameworks */ = {isa = PBXBuildFile; fileRef = A02CF4131B80B4B2009AD983 /* QuartzCore.framework */; };
		A02CF4161B80B4B7009AD983 /* Security.framework in Frameworks */ = {isa = PBXBuildFile; fileRef = A02CF4151B80B4B7009AD983 /* Security.framework */; };
		A02CF4181B80B4BF009AD983 /* StoreKit.framework in Frameworks */ = {isa = PBXBuildFile; fileRef = A02CF4171B80B4BF009AD983 /* StoreKit.framework */; };
		A02CF41A1B80B4C5009AD983 /* SystemConfiguration.framework in Frameworks */ = {isa = PBXBuildFile; fileRef = A02CF4191B80B4C5009AD983 /* SystemConfiguration.framework */; };
		A02CF41C1B80B4CD009AD983 /* libz.dylib in Frameworks */ = {isa = PBXBuildFile; fileRef = A02CF41B1B80B4CD009AD983 /* libz.dylib */; };
		A02CF41E1B80B4D8009AD983 /* libsqlite3.dylib in Frameworks */ = {isa = PBXBuildFile; fileRef = A02CF41D1B80B4D8009AD983 /* libsqlite3.dylib */; };
		A02CF4201B80BC98009AD983 /* Main.storyboard in Resources */ = {isa = PBXBuildFile; fileRef = A02CF41F1B80BC98009AD983 /* Main.storyboard */; };
		A02CF4231B80C317009AD983 /* RidersManager.m in Sources */ = {isa = PBXBuildFile; fileRef = A02CF4221B80C317009AD983 /* RidersManager.m */; };
		A02CF4251B80C4E1009AD983 /* MultipeerConnectivity.framework in Frameworks */ = {isa = PBXBuildFile; fileRef = A02CF4241B80C4E1009AD983 /* MultipeerConnectivity.framework */; };
		A907D8A21B7FFC0500DF461D /* RidingViewController.m in Sources */ = {isa = PBXBuildFile; fileRef = A907D8A11B7FFC0500DF461D /* RidingViewController.m */; };
		A907D8A51B800F4000DF461D /* ContactsViewController.m in Sources */ = {isa = PBXBuildFile; fileRef = A907D8A41B800F4000DF461D /* ContactsViewController.m */; };
		E01EFCF11B8052A000000ADF /* Vector.swift in Sources */ = {isa = PBXBuildFile; fileRef = E01EFCF01B8052A000000ADF /* Vector.swift */; };
		E01EFCF31B8052AA00000ADF /* ColisionDetector.swift in Sources */ = {isa = PBXBuildFile; fileRef = E01EFCF21B8052AA00000ADF /* ColisionDetector.swift */; };
		E06FC12C1B80C4D600563579 /* InterfaceController.swift in Sources */ = {isa = PBXBuildFile; fileRef = E06FC12B1B80C4D600563579 /* InterfaceController.swift */; };
		E06FC12E1B80C4D600563579 /* NotificationController.swift in Sources */ = {isa = PBXBuildFile; fileRef = E06FC12D1B80C4D600563579 /* NotificationController.swift */; };
		E06FC1301B80C4D600563579 /* Images.xcassets in Resources */ = {isa = PBXBuildFile; fileRef = E06FC12F1B80C4D600563579 /* Images.xcassets */; };
		E06FC1341B80C4D600563579 /* BmwApp WatchKit App.app in Resources */ = {isa = PBXBuildFile; fileRef = E06FC1331B80C4D600563579 /* BmwApp WatchKit App.app */; };
		E06FC13C1B80C4D600563579 /* Interface.storyboard in Resources */ = {isa = PBXBuildFile; fileRef = E06FC13A1B80C4D600563579 /* Interface.storyboard */; };
		E06FC13E1B80C4D600563579 /* Images.xcassets in Resources */ = {isa = PBXBuildFile; fileRef = E06FC13D1B80C4D600563579 /* Images.xcassets */; };
		E06FC1411B80C4D600563579 /* BmwApp WatchKit Extension.appex in Embed App Extensions */ = {isa = PBXBuildFile; fileRef = E06FC1261B80C4D600563579 /* BmwApp WatchKit Extension.appex */; settings = {ATTRIBUTES = (RemoveHeadersOnCopy, ); }; };
/* End PBXBuildFile section */

/* Begin PBXContainerItemProxy section */
		0725A2421B7FCAA70002B7A0 /* PBXContainerItemProxy */ = {
			isa = PBXContainerItemProxy;
			containerPortal = 0725A2201B7FCAA70002B7A0 /* Project object */;
			proxyType = 1;
			remoteGlobalIDString = 0725A2271B7FCAA70002B7A0;
			remoteInfo = BmwApp;
		};
		E06FC1351B80C4D600563579 /* PBXContainerItemProxy */ = {
			isa = PBXContainerItemProxy;
			containerPortal = 0725A2201B7FCAA70002B7A0 /* Project object */;
			proxyType = 1;
			remoteGlobalIDString = E06FC1321B80C4D600563579;
			remoteInfo = "BmwApp WatchKit App";
		};
		E06FC13F1B80C4D600563579 /* PBXContainerItemProxy */ = {
			isa = PBXContainerItemProxy;
			containerPortal = 0725A2201B7FCAA70002B7A0 /* Project object */;
			proxyType = 1;
			remoteGlobalIDString = E06FC1251B80C4D600563579;
			remoteInfo = "BmwApp WatchKit Extension";
		};
/* End PBXContainerItemProxy section */

/* Begin PBXCopyFilesBuildPhase section */
		E06FC1481B80C4D600563579 /* Embed App Extensions */ = {
			isa = PBXCopyFilesBuildPhase;
			buildActionMask = 2147483647;
			dstPath = "";
			dstSubfolderSpec = 13;
			files = (
				E06FC1411B80C4D600563579 /* BmwApp WatchKit Extension.appex in Embed App Extensions */,
			);
			name = "Embed App Extensions";
			runOnlyForDeploymentPostprocessing = 0;
		};
/* End PBXCopyFilesBuildPhase section */

/* Begin PBXFileReference section */
		0725A2281B7FCAA70002B7A0 /* BmwApp.app */ = {isa = PBXFileReference; explicitFileType = wrapper.application; includeInIndex = 0; path = BmwApp.app; sourceTree = BUILT_PRODUCTS_DIR; };
		0725A22C1B7FCAA70002B7A0 /* Info.plist */ = {isa = PBXFileReference; lastKnownFileType = text.plist.xml; path = Info.plist; sourceTree = "<group>"; };
		0725A22D1B7FCAA70002B7A0 /* main.m */ = {isa = PBXFileReference; lastKnownFileType = sourcecode.c.objc; path = main.m; sourceTree = "<group>"; };
		0725A22F1B7FCAA70002B7A0 /* AppDelegate.h */ = {isa = PBXFileReference; lastKnownFileType = sourcecode.c.h; path = AppDelegate.h; sourceTree = "<group>"; };
		0725A2301B7FCAA70002B7A0 /* AppDelegate.m */ = {isa = PBXFileReference; lastKnownFileType = sourcecode.c.objc; path = AppDelegate.m; sourceTree = "<group>"; };
		0725A2321B7FCAA70002B7A0 /* ViewController.h */ = {isa = PBXFileReference; lastKnownFileType = sourcecode.c.h; path = ViewController.h; sourceTree = "<group>"; };
		0725A2331B7FCAA70002B7A0 /* ViewController.m */ = {isa = PBXFileReference; lastKnownFileType = sourcecode.c.objc; path = ViewController.m; sourceTree = "<group>"; };
		0725A2381B7FCAA70002B7A0 /* Images.xcassets */ = {isa = PBXFileReference; lastKnownFileType = folder.assetcatalog; path = Images.xcassets; sourceTree = "<group>"; };
		0725A23B1B7FCAA70002B7A0 /* Base */ = {isa = PBXFileReference; lastKnownFileType = file.xib; name = Base; path = Base.lproj/LaunchScreen.xib; sourceTree = "<group>"; };
		0725A2411B7FCAA70002B7A0 /* BmwAppTests.xctest */ = {isa = PBXFileReference; explicitFileType = wrapper.cfbundle; includeInIndex = 0; path = BmwAppTests.xctest; sourceTree = BUILT_PRODUCTS_DIR; };
		0725A2461B7FCAA70002B7A0 /* Info.plist */ = {isa = PBXFileReference; lastKnownFileType = text.plist.xml; path = Info.plist; sourceTree = "<group>"; };
		0725A2471B7FCAA70002B7A0 /* BmwAppTests.m */ = {isa = PBXFileReference; lastKnownFileType = sourcecode.c.objc; path = BmwAppTests.m; sourceTree = "<group>"; };
		0725A2511B7FEA320002B7A0 /* MainViewController.h */ = {isa = PBXFileReference; fileEncoding = 4; lastKnownFileType = sourcecode.c.h; path = MainViewController.h; sourceTree = "<group>"; };
		0725A2521B7FEA320002B7A0 /* MainViewController.m */ = {isa = PBXFileReference; fileEncoding = 4; lastKnownFileType = sourcecode.c.objc; path = MainViewController.m; sourceTree = "<group>"; };
		0725A2541B7FEB760002B7A0 /* MapKit.framework */ = {isa = PBXFileReference; lastKnownFileType = wrapper.framework; name = MapKit.framework; path = System/Library/Frameworks/MapKit.framework; sourceTree = SDKROOT; };
		0725A2561B8039C20002B7A0 /* BMW motorrad maze.jpg */ = {isa = PBXFileReference; lastKnownFileType = image.jpeg; path = "BMW motorrad maze.jpg"; sourceTree = "<group>"; };
		0725A2571B8039C20002B7A0 /* BMW-K1600-GT-Wallpaper-04.jpg */ = {isa = PBXFileReference; lastKnownFileType = image.jpeg; path = "BMW-K1600-GT-Wallpaper-04.jpg"; sourceTree = "<group>"; };
		0725A2581B8039C20002B7A0 /* BMW-Z4-2013-Facelift-E89-LCI-Wallpaper-1920x1200-06.jpg */ = {isa = PBXFileReference; lastKnownFileType = image.jpeg; path = "BMW-Z4-2013-Facelift-E89-LCI-Wallpaper-1920x1200-06.jpg"; sourceTree = "<group>"; };
		0725A2591B8039C20002B7A0 /* wallpaper_1600x1200_planet_power_02.jpg */ = {isa = PBXFileReference; lastKnownFileType = image.jpeg; path = wallpaper_1600x1200_planet_power_02.jpg; sourceTree = "<group>"; };
		0725A25A1B8039C20002B7A0 /* wallpaper_gs_legend_1440x900_03.jpg */ = {isa = PBXFileReference; lastKnownFileType = image.jpeg; path = wallpaper_gs_legend_1440x900_03.jpg; sourceTree = "<group>"; };
		0725A2601B8046BE0002B7A0 /* LocationSingleton.h */ = {isa = PBXFileReference; fileEncoding = 4; lastKnownFileType = sourcecode.c.h; name = LocationSingleton.h; path = ../LocationSingleton.h; sourceTree = "<group>"; };
		0725A2611B8046BE0002B7A0 /* LocationSingleton.m */ = {isa = PBXFileReference; fileEncoding = 4; lastKnownFileType = sourcecode.c.objc; name = LocationSingleton.m; path = ../LocationSingleton.m; sourceTree = "<group>"; };
		07CA2C3F1B80E39100C8625B /* ProfileViewController.h */ = {isa = PBXFileReference; fileEncoding = 4; lastKnownFileType = sourcecode.c.h; name = ProfileViewController.h; path = ../ProfileViewController.h; sourceTree = "<group>"; };
		07CA2C401B80E39100C8625B /* ProfileViewController.m */ = {isa = PBXFileReference; fileEncoding = 4; lastKnownFileType = sourcecode.c.objc; name = ProfileViewController.m; path = ../ProfileViewController.m; sourceTree = "<group>"; };
		07CA2C421B80F49A00C8625B /* joseluis.jpg */ = {isa = PBXFileReference; lastKnownFileType = image.jpeg; path = joseluis.jpg; sourceTree = "<group>"; };
		07CA2C441B80F76B00C8625B /* iPhone6Resolution.png */ = {isa = PBXFileReference; lastKnownFileType = image.png; path = iPhone6Resolution.png; sourceTree = "<group>"; };
		07CA2C451B80F76B00C8625B /* iPhone6Resolution_2.png */ = {isa = PBXFileReference; lastKnownFileType = image.png; path = iPhone6Resolution_2.png; sourceTree = "<group>"; };
		07CA2C461B80F76B00C8625B /* iPhone6Resolution_3.png */ = {isa = PBXFileReference; lastKnownFileType = image.png; path = iPhone6Resolution_3.png; sourceTree = "<group>"; };
		07CA2C471B80F76B00C8625B /* iPhone6Resolution_4.png */ = {isa = PBXFileReference; lastKnownFileType = image.png; path = iPhone6Resolution_4.png; sourceTree = "<group>"; };
		49FA5A96BFDF7BC3EAC57965 /* Pods-BmwApp.release.xcconfig */ = {isa = PBXFileReference; includeInIndex = 1; lastKnownFileType = text.xcconfig; name = "Pods-BmwApp.release.xcconfig"; path = "Pods/Target Support Files/Pods-BmwApp/Pods-BmwApp.release.xcconfig"; sourceTree = "<group>"; };
		A01C7BDE1B809535008CEB90 /* AddUserInfoViewController.h */ = {isa = PBXFileReference; fileEncoding = 4; lastKnownFileType = sourcecode.c.h; path = AddUserInfoViewController.h; sourceTree = "<group>"; };
		A01C7BDF1B809535008CEB90 /* AddUserInfoViewController.m */ = {isa = PBXFileReference; fileEncoding = 4; lastKnownFileType = sourcecode.c.objc; path = AddUserInfoViewController.m; sourceTree = "<group>"; };
		A01C7BE11B809966008CEB90 /* AddressBook.framework */ = {isa = PBXFileReference; lastKnownFileType = wrapper.framework; name = AddressBook.framework; path = System/Library/Frameworks/AddressBook.framework; sourceTree = SDKROOT; };
		A01C7BE31B80996C008CEB90 /* AddressBookUI.framework */ = {isa = PBXFileReference; lastKnownFileType = wrapper.framework; name = AddressBookUI.framework; path = System/Library/Frameworks/AddressBookUI.framework; sourceTree = SDKROOT; };
		A01C7BE61B809C02008CEB90 /* ABContact.h */ = {isa = PBXFileReference; fileEncoding = 4; lastKnownFileType = sourcecode.c.h; path = ABContact.h; sourceTree = "<group>"; };
		A01C7BE71B809C02008CEB90 /* ABContact.m */ = {isa = PBXFileReference; fileEncoding = 4; lastKnownFileType = sourcecode.c.objc; path = ABContact.m; sourceTree = "<group>"; };
		A01C7BE81B809C02008CEB90 /* ABContactsHelper.h */ = {isa = PBXFileReference; fileEncoding = 4; lastKnownFileType = sourcecode.c.h; path = ABContactsHelper.h; sourceTree = "<group>"; };
		A01C7BE91B809C02008CEB90 /* ABContactsHelper.m */ = {isa = PBXFileReference; fileEncoding = 4; lastKnownFileType = sourcecode.c.objc; path = ABContactsHelper.m; sourceTree = "<group>"; };
		A01C7BEA1B809C02008CEB90 /* ABGroup.h */ = {isa = PBXFileReference; fileEncoding = 4; lastKnownFileType = sourcecode.c.h; path = ABGroup.h; sourceTree = "<group>"; };
		A01C7BEB1B809C02008CEB90 /* ABGroup.m */ = {isa = PBXFileReference; fileEncoding = 4; lastKnownFileType = sourcecode.c.objc; path = ABGroup.m; sourceTree = "<group>"; };
		A01C7BEC1B809C02008CEB90 /* ABStandin.h */ = {isa = PBXFileReference; fileEncoding = 4; lastKnownFileType = sourcecode.c.h; path = ABStandin.h; sourceTree = "<group>"; };
		A01C7BED1B809C02008CEB90 /* ABStandin.m */ = {isa = PBXFileReference; fileEncoding = 4; lastKnownFileType = sourcecode.c.objc; path = ABStandin.m; sourceTree = "<group>"; };
		A01C7BEE1B809C02008CEB90 /* ABWrappers.h */ = {isa = PBXFileReference; fileEncoding = 4; lastKnownFileType = sourcecode.c.h; path = ABWrappers.h; sourceTree = "<group>"; };
		A01C7C051B80B06B008CEB90 /* FacebookSDKStrings.bundle */ = {isa = PBXFileReference; lastKnownFileType = "wrapper.plug-in"; name = FacebookSDKStrings.bundle; path = BmwApp/FacebookSDKStrings.bundle; sourceTree = "<group>"; };
		A02CF3F91B80B461009AD983 /* Bolts.framework */ = {isa = PBXFileReference; lastKnownFileType = wrapper.framework; path = Bolts.framework; sourceTree = "<group>"; };
		A02CF3FA1B80B461009AD983 /* FBSDKCoreKit.framework */ = {isa = PBXFileReference; lastKnownFileType = wrapper.framework; path = FBSDKCoreKit.framework; sourceTree = "<group>"; };
		A02CF3FB1B80B461009AD983 /* FBSDKLoginKit.framework */ = {isa = PBXFileReference; lastKnownFileType = wrapper.framework; path = FBSDKLoginKit.framework; sourceTree = "<group>"; };
		A02CF3FC1B80B461009AD983 /* FBSDKShareKit.framework */ = {isa = PBXFileReference; lastKnownFileType = wrapper.framework; path = FBSDKShareKit.framework; sourceTree = "<group>"; };
		A02CF3FD1B80B461009AD983 /* Parse.framework */ = {isa = PBXFileReference; lastKnownFileType = wrapper.framework; path = Parse.framework; sourceTree = "<group>"; };
		A02CF3FE1B80B461009AD983 /* ParseCrashReporting.framework */ = {isa = PBXFileReference; lastKnownFileType = wrapper.framework; path = ParseCrashReporting.framework; sourceTree = "<group>"; };
		A02CF4001B80B461009AD983 /* ParseFacebookUtilsV4.framework */ = {isa = PBXFileReference; lastKnownFileType = wrapper.framework; path = ParseFacebookUtilsV4.framework; sourceTree = "<group>"; };
		A02CF4011B80B461009AD983 /* ParseUI.framework */ = {isa = PBXFileReference; lastKnownFileType = wrapper.framework; path = ParseUI.framework; sourceTree = "<group>"; };
		A02CF40B1B80B496009AD983 /* AudioToolbox.framework */ = {isa = PBXFileReference; lastKnownFileType = wrapper.framework; name = AudioToolbox.framework; path = System/Library/Frameworks/AudioToolbox.framework; sourceTree = SDKROOT; };
		A02CF40D1B80B49B009AD983 /* CFNetwork.framework */ = {isa = PBXFileReference; lastKnownFileType = wrapper.framework; name = CFNetwork.framework; path = System/Library/Frameworks/CFNetwork.framework; sourceTree = SDKROOT; };
		A02CF40F1B80B4A5009AD983 /* CoreGraphics.framework */ = {isa = PBXFileReference; lastKnownFileType = wrapper.framework; name = CoreGraphics.framework; path = System/Library/Frameworks/CoreGraphics.framework; sourceTree = SDKROOT; };
		A02CF4111B80B4A9009AD983 /* CoreLocation.framework */ = {isa = PBXFileReference; lastKnownFileType = wrapper.framework; name = CoreLocation.framework; path = System/Library/Frameworks/CoreLocation.framework; sourceTree = SDKROOT; };
		A02CF4131B80B4B2009AD983 /* QuartzCore.framework */ = {isa = PBXFileReference; lastKnownFileType = wrapper.framework; name = QuartzCore.framework; path = System/Library/Frameworks/QuartzCore.framework; sourceTree = SDKROOT; };
		A02CF4151B80B4B7009AD983 /* Security.framework */ = {isa = PBXFileReference; lastKnownFileType = wrapper.framework; name = Security.framework; path = System/Library/Frameworks/Security.framework; sourceTree = SDKROOT; };
		A02CF4171B80B4BF009AD983 /* StoreKit.framework */ = {isa = PBXFileReference; lastKnownFileType = wrapper.framework; name = StoreKit.framework; path = System/Library/Frameworks/StoreKit.framework; sourceTree = SDKROOT; };
		A02CF4191B80B4C5009AD983 /* SystemConfiguration.framework */ = {isa = PBXFileReference; lastKnownFileType = wrapper.framework; name = SystemConfiguration.framework; path = System/Library/Frameworks/SystemConfiguration.framework; sourceTree = SDKROOT; };
		A02CF41B1B80B4CD009AD983 /* libz.dylib */ = {isa = PBXFileReference; lastKnownFileType = "compiled.mach-o.dylib"; name = libz.dylib; path = usr/lib/libz.dylib; sourceTree = SDKROOT; };
		A02CF41D1B80B4D8009AD983 /* libsqlite3.dylib */ = {isa = PBXFileReference; lastKnownFileType = "compiled.mach-o.dylib"; name = libsqlite3.dylib; path = usr/lib/libsqlite3.dylib; sourceTree = SDKROOT; };
		A02CF41F1B80BC98009AD983 /* Main.storyboard */ = {isa = PBXFileReference; fileEncoding = 4; lastKnownFileType = file.storyboard; path = Main.storyboard; sourceTree = "<group>"; };
		A02CF4211B80C317009AD983 /* RidersManager.h */ = {isa = PBXFileReference; fileEncoding = 4; lastKnownFileType = sourcecode.c.h; name = RidersManager.h; path = ../RidersManager.h; sourceTree = "<group>"; };
		A02CF4221B80C317009AD983 /* RidersManager.m */ = {isa = PBXFileReference; fileEncoding = 4; lastKnownFileType = sourcecode.c.objc; name = RidersManager.m; path = ../RidersManager.m; sourceTree = "<group>"; };
		A02CF4241B80C4E1009AD983 /* MultipeerConnectivity.framework */ = {isa = PBXFileReference; lastKnownFileType = wrapper.framework; name = MultipeerConnectivity.framework; path = System/Library/Frameworks/MultipeerConnectivity.framework; sourceTree = SDKROOT; };
		A907D8A01B7FFC0500DF461D /* RidingViewController.h */ = {isa = PBXFileReference; fileEncoding = 4; lastKnownFileType = sourcecode.c.h; path = RidingViewController.h; sourceTree = "<group>"; };
		A907D8A11B7FFC0500DF461D /* RidingViewController.m */ = {isa = PBXFileReference; fileEncoding = 4; lastKnownFileType = sourcecode.c.objc; path = RidingViewController.m; sourceTree = "<group>"; };
		A907D8A31B800F4000DF461D /* ContactsViewController.h */ = {isa = PBXFileReference; fileEncoding = 4; lastKnownFileType = sourcecode.c.h; path = ContactsViewController.h; sourceTree = "<group>"; };
		A907D8A41B800F4000DF461D /* ContactsViewController.m */ = {isa = PBXFileReference; fileEncoding = 4; lastKnownFileType = sourcecode.c.objc; path = ContactsViewController.m; sourceTree = "<group>"; };
		E01EFCEF1B8052A000000ADF /* BmwApp-Bridging-Header.h */ = {isa = PBXFileReference; lastKnownFileType = sourcecode.c.h; path = "BmwApp-Bridging-Header.h"; sourceTree = "<group>"; };
		E01EFCF01B8052A000000ADF /* Vector.swift */ = {isa = PBXFileReference; fileEncoding = 4; lastKnownFileType = sourcecode.swift; path = Vector.swift; sourceTree = "<group>"; };
		E01EFCF21B8052AA00000ADF /* ColisionDetector.swift */ = {isa = PBXFileReference; fileEncoding = 4; lastKnownFileType = sourcecode.swift; path = ColisionDetector.swift; sourceTree = "<group>"; };
		E06FC1261B80C4D600563579 /* BmwApp WatchKit Extension.appex */ = {isa = PBXFileReference; explicitFileType = "wrapper.app-extension"; includeInIndex = 0; path = "BmwApp WatchKit Extension.appex"; sourceTree = BUILT_PRODUCTS_DIR; };
		E06FC1291B80C4D600563579 /* Info.plist */ = {isa = PBXFileReference; lastKnownFileType = text.plist.xml; path = Info.plist; sourceTree = "<group>"; };
		E06FC12A1B80C4D600563579 /* PushNotificationPayload.apns */ = {isa = PBXFileReference; lastKnownFileType = text; path = PushNotificationPayload.apns; sourceTree = "<group>"; };
		E06FC12B1B80C4D600563579 /* InterfaceController.swift */ = {isa = PBXFileReference; lastKnownFileType = sourcecode.swift; path = InterfaceController.swift; sourceTree = "<group>"; };
		E06FC12D1B80C4D600563579 /* NotificationController.swift */ = {isa = PBXFileReference; lastKnownFileType = sourcecode.swift; path = NotificationController.swift; sourceTree = "<group>"; };
		E06FC12F1B80C4D600563579 /* Images.xcassets */ = {isa = PBXFileReference; lastKnownFileType = folder.assetcatalog; path = Images.xcassets; sourceTree = "<group>"; };
		E06FC1331B80C4D600563579 /* BmwApp WatchKit App.app */ = {isa = PBXFileReference; explicitFileType = wrapper.application; includeInIndex = 0; path = "BmwApp WatchKit App.app"; sourceTree = BUILT_PRODUCTS_DIR; };
		E06FC1391B80C4D600563579 /* Info.plist */ = {isa = PBXFileReference; lastKnownFileType = text.plist.xml; path = Info.plist; sourceTree = "<group>"; };
		E06FC13B1B80C4D600563579 /* Base */ = {isa = PBXFileReference; lastKnownFileType = file.storyboard; name = Base; path = Base.lproj/Interface.storyboard; sourceTree = "<group>"; };
		E06FC13D1B80C4D600563579 /* Images.xcassets */ = {isa = PBXFileReference; lastKnownFileType = folder.assetcatalog; path = Images.xcassets; sourceTree = "<group>"; };
		E06FC1491B80C4EC00563579 /* BmwApp.entitlements */ = {isa = PBXFileReference; lastKnownFileType = text.xml; path = BmwApp.entitlements; sourceTree = "<group>"; };
		E06FC14A1B80C4FD00563579 /* BmwApp WatchKit Extension.entitlements */ = {isa = PBXFileReference; lastKnownFileType = text.xml; path = "BmwApp WatchKit Extension.entitlements"; sourceTree = "<group>"; };
		E2CD28466B14303F75D16D6E /* Pods-BmwApp.debug.xcconfig */ = {isa = PBXFileReference; includeInIndex = 1; lastKnownFileType = text.xcconfig; name = "Pods-BmwApp.debug.xcconfig"; path = "Pods/Target Support Files/Pods-BmwApp/Pods-BmwApp.debug.xcconfig"; sourceTree = "<group>"; };
/* End PBXFileReference section */

/* Begin PBXFrameworksBuildPhase section */
		0725A2251B7FCAA70002B7A0 /* Frameworks */ = {
			isa = PBXFrameworksBuildPhase;
			buildActionMask = 2147483647;
			files = (
				A02CF4251B80C4E1009AD983 /* MultipeerConnectivity.framework in Frameworks */,
				A02CF41E1B80B4D8009AD983 /* libsqlite3.dylib in Frameworks */,
				A02CF41C1B80B4CD009AD983 /* libz.dylib in Frameworks */,
				A02CF41A1B80B4C5009AD983 /* SystemConfiguration.framework in Frameworks */,
				A02CF4181B80B4BF009AD983 /* StoreKit.framework in Frameworks */,
				A02CF4161B80B4B7009AD983 /* Security.framework in Frameworks */,
				A02CF4141B80B4B2009AD983 /* QuartzCore.framework in Frameworks */,
				A02CF4121B80B4A9009AD983 /* CoreLocation.framework in Frameworks */,
				A02CF4101B80B4A5009AD983 /* CoreGraphics.framework in Frameworks */,
				A02CF40E1B80B49B009AD983 /* CFNetwork.framework in Frameworks */,
				A02CF40C1B80B496009AD983 /* AudioToolbox.framework in Frameworks */,
				A02CF4031B80B461009AD983 /* FBSDKCoreKit.framework in Frameworks */,
				A02CF4071B80B461009AD983 /* ParseCrashReporting.framework in Frameworks */,
				A01C7BE41B80996C008CEB90 /* AddressBookUI.framework in Frameworks */,
				A02CF4041B80B461009AD983 /* FBSDKLoginKit.framework in Frameworks */,
				A02CF4051B80B461009AD983 /* FBSDKShareKit.framework in Frameworks */,
				A01C7BE21B809966008CEB90 /* AddressBook.framework in Frameworks */,
				A02CF40A1B80B461009AD983 /* ParseUI.framework in Frameworks */,
				0725A2551B7FEB760002B7A0 /* MapKit.framework in Frameworks */,
				A02CF4061B80B461009AD983 /* Parse.framework in Frameworks */,
				A02CF4021B80B461009AD983 /* Bolts.framework in Frameworks */,
				A02CF4091B80B461009AD983 /* ParseFacebookUtilsV4.framework in Frameworks */,
			);
			runOnlyForDeploymentPostprocessing = 0;
		};
		0725A23E1B7FCAA70002B7A0 /* Frameworks */ = {
			isa = PBXFrameworksBuildPhase;
			buildActionMask = 2147483647;
			files = (
			);
			runOnlyForDeploymentPostprocessing = 0;
		};
		E06FC1231B80C4D600563579 /* Frameworks */ = {
			isa = PBXFrameworksBuildPhase;
			buildActionMask = 2147483647;
			files = (
			);
			runOnlyForDeploymentPostprocessing = 0;
		};
/* End PBXFrameworksBuildPhase section */

/* Begin PBXGroup section */
		0725A21F1B7FCAA70002B7A0 = {
			isa = PBXGroup;
			children = (
				0725A22A1B7FCAA70002B7A0 /* BmwApp */,
				0725A2441B7FCAA70002B7A0 /* BmwAppTests */,
				E06FC1271B80C4D600563579 /* BmwApp WatchKit Extension */,
				E06FC1371B80C4D600563579 /* BmwApp WatchKit App */,
				0725A2291B7FCAA70002B7A0 /* Products */,
				CA08F6A33EE325B367BEF06E /* Pods */,
				14E6BCB63C9B851F49E5C1BA /* Frameworks */,
			);
			sourceTree = "<group>";
		};
		0725A2291B7FCAA70002B7A0 /* Products */ = {
			isa = PBXGroup;
			children = (
				0725A2281B7FCAA70002B7A0 /* BmwApp.app */,
				0725A2411B7FCAA70002B7A0 /* BmwAppTests.xctest */,
				E06FC1261B80C4D600563579 /* BmwApp WatchKit Extension.appex */,
				E06FC1331B80C4D600563579 /* BmwApp WatchKit App.app */,
			);
			name = Products;
			sourceTree = "<group>";
		};
		0725A22A1B7FCAA70002B7A0 /* BmwApp */ = {
			isa = PBXGroup;
			children = (
				A02CF4211B80C317009AD983 /* RidersManager.h */,
				A02CF4221B80C317009AD983 /* RidersManager.m */,
				0725A2601B8046BE0002B7A0 /* LocationSingleton.h */,
				0725A2611B8046BE0002B7A0 /* LocationSingleton.m */,
				0725A2561B8039C20002B7A0 /* BMW motorrad maze.jpg */,
				0725A2571B8039C20002B7A0 /* BMW-K1600-GT-Wallpaper-04.jpg */,
				0725A2581B8039C20002B7A0 /* BMW-Z4-2013-Facelift-E89-LCI-Wallpaper-1920x1200-06.jpg */,
				0725A2591B8039C20002B7A0 /* wallpaper_1600x1200_planet_power_02.jpg */,
				0725A25A1B8039C20002B7A0 /* wallpaper_gs_legend_1440x900_03.jpg */,
				07CA2C441B80F76B00C8625B /* iPhone6Resolution.png */,
				07CA2C451B80F76B00C8625B /* iPhone6Resolution_2.png */,
				07CA2C461B80F76B00C8625B /* iPhone6Resolution_3.png */,
				07CA2C471B80F76B00C8625B /* iPhone6Resolution_4.png */,
				0725A22F1B7FCAA70002B7A0 /* AppDelegate.h */,
				0725A2301B7FCAA70002B7A0 /* AppDelegate.m */,
				0725A2321B7FCAA70002B7A0 /* ViewController.h */,
				0725A2331B7FCAA70002B7A0 /* ViewController.m */,
				A907D8A31B800F4000DF461D /* ContactsViewController.h */,
				A907D8A41B800F4000DF461D /* ContactsViewController.m */,
				E01EFCF21B8052AA00000ADF /* ColisionDetector.swift */,
				E01EFCF01B8052A000000ADF /* Vector.swift */,
				A02CF41F1B80BC98009AD983 /* Main.storyboard */,
				0725A2511B7FEA320002B7A0 /* MainViewController.h */,
				0725A2521B7FEA320002B7A0 /* MainViewController.m */,
				A01C7BDE1B809535008CEB90 /* AddUserInfoViewController.h */,
				A01C7BDF1B809535008CEB90 /* AddUserInfoViewController.m */,
				0725A2381B7FCAA70002B7A0 /* Images.xcassets */,
				0725A23A1B7FCAA70002B7A0 /* LaunchScreen.xib */,
				A02CF41F1B80BC98009AD983 /* Main.storyboard */,
				A907D8A01B7FFC0500DF461D /* RidingViewController.h */,
				A907D8A11B7FFC0500DF461D /* RidingViewController.m */,
				A01C7BE51B809C02008CEB90 /* Address Book Wrappers */,
				0725A22B1B7FCAA70002B7A0 /* Supporting Files */,
				E01EFCEF1B8052A000000ADF /* BmwApp-Bridging-Header.h */,
			);
			path = BmwApp;
			sourceTree = "<group>";
		};
		0725A22B1B7FCAA70002B7A0 /* Supporting Files */ = {
			isa = PBXGroup;
			children = (
				0725A22C1B7FCAA70002B7A0 /* Info.plist */,
				0725A22D1B7FCAA70002B7A0 /* main.m */,
			);
			name = "Supporting Files";
			sourceTree = "<group>";
		};
		0725A2441B7FCAA70002B7A0 /* BmwAppTests */ = {
			isa = PBXGroup;
			children = (
				0725A2471B7FCAA70002B7A0 /* BmwAppTests.m */,
				0725A2451B7FCAA70002B7A0 /* Supporting Files */,
			);
			path = BmwAppTests;
			sourceTree = "<group>";
		};
		0725A2451B7FCAA70002B7A0 /* Supporting Files */ = {
			isa = PBXGroup;
			children = (
				0725A2461B7FCAA70002B7A0 /* Info.plist */,
			);
			name = "Supporting Files";
			sourceTree = "<group>";
		};
		14E6BCB63C9B851F49E5C1BA /* Frameworks */ = {
			isa = PBXGroup;
			children = (
				A02CF4241B80C4E1009AD983 /* MultipeerConnectivity.framework */,
				A01C7C051B80B06B008CEB90 /* FacebookSDKStrings.bundle */,
				A02CF41D1B80B4D8009AD983 /* libsqlite3.dylib */,
				A02CF41B1B80B4CD009AD983 /* libz.dylib */,
				A02CF4191B80B4C5009AD983 /* SystemConfiguration.framework */,
				A02CF4171B80B4BF009AD983 /* StoreKit.framework */,
				A02CF4151B80B4B7009AD983 /* Security.framework */,
				A02CF4131B80B4B2009AD983 /* QuartzCore.framework */,
				A02CF4111B80B4A9009AD983 /* CoreLocation.framework */,
				A02CF40F1B80B4A5009AD983 /* CoreGraphics.framework */,
				A02CF40D1B80B49B009AD983 /* CFNetwork.framework */,
				A02CF40B1B80B496009AD983 /* AudioToolbox.framework */,
				A02CF3F91B80B461009AD983 /* Bolts.framework */,
				A02CF3FA1B80B461009AD983 /* FBSDKCoreKit.framework */,
				A02CF3FB1B80B461009AD983 /* FBSDKLoginKit.framework */,
				A02CF3FC1B80B461009AD983 /* FBSDKShareKit.framework */,
				A02CF3FD1B80B461009AD983 /* Parse.framework */,
				A02CF3FE1B80B461009AD983 /* ParseCrashReporting.framework */,
				A02CF4001B80B461009AD983 /* ParseFacebookUtilsV4.framework */,
				A02CF4011B80B461009AD983 /* ParseUI.framework */,
				A01C7BE31B80996C008CEB90 /* AddressBookUI.framework */,
				A01C7BE11B809966008CEB90 /* AddressBook.framework */,
				0725A2541B7FEB760002B7A0 /* MapKit.framework */,
			);
			name = Frameworks;
			sourceTree = "<group>";
		};
		A01C7BE51B809C02008CEB90 /* Address Book Wrappers */ = {
			isa = PBXGroup;
			children = (
				A01C7BE61B809C02008CEB90 /* ABContact.h */,
				A01C7BE71B809C02008CEB90 /* ABContact.m */,
				A01C7BE81B809C02008CEB90 /* ABContactsHelper.h */,
				A01C7BE91B809C02008CEB90 /* ABContactsHelper.m */,
				A01C7BEA1B809C02008CEB90 /* ABGroup.h */,
				A01C7BEB1B809C02008CEB90 /* ABGroup.m */,
				A01C7BEC1B809C02008CEB90 /* ABStandin.h */,
				A01C7BED1B809C02008CEB90 /* ABStandin.m */,
				A01C7BEE1B809C02008CEB90 /* ABWrappers.h */,
			);
			path = "Address Book Wrappers";
			sourceTree = "<group>";
		};
		CA08F6A33EE325B367BEF06E /* Pods */ = {
			isa = PBXGroup;
			children = (
				E2CD28466B14303F75D16D6E /* Pods-BmwApp.debug.xcconfig */,
				49FA5A96BFDF7BC3EAC57965 /* Pods-BmwApp.release.xcconfig */,
			);
			name = Pods;
			sourceTree = "<group>";
		};
		E06FC1271B80C4D600563579 /* BmwApp WatchKit Extension */ = {
			isa = PBXGroup;
			children = (
				E06FC14A1B80C4FD00563579 /* BmwApp WatchKit Extension.entitlements */,
				E06FC12B1B80C4D600563579 /* InterfaceController.swift */,
				E06FC12D1B80C4D600563579 /* NotificationController.swift */,
				E06FC12F1B80C4D600563579 /* Images.xcassets */,
				E06FC1281B80C4D600563579 /* Supporting Files */,
			);
			path = "BmwApp WatchKit Extension";
			sourceTree = "<group>";
		};
		E06FC1281B80C4D600563579 /* Supporting Files */ = {
			isa = PBXGroup;
			children = (
				E06FC1291B80C4D600563579 /* Info.plist */,
				E06FC12A1B80C4D600563579 /* PushNotificationPayload.apns */,
			);
			name = "Supporting Files";
			sourceTree = "<group>";
		};
		E06FC1371B80C4D600563579 /* BmwApp WatchKit App */ = {
			isa = PBXGroup;
			children = (
				E06FC13A1B80C4D600563579 /* Interface.storyboard */,
				E06FC13D1B80C4D600563579 /* Images.xcassets */,
				E06FC1381B80C4D600563579 /* Supporting Files */,
			);
			path = "BmwApp WatchKit App";
			sourceTree = "<group>";
		};
		E06FC1381B80C4D600563579 /* Supporting Files */ = {
			isa = PBXGroup;
			children = (
				E06FC1391B80C4D600563579 /* Info.plist */,
			);
			name = "Supporting Files";
			sourceTree = "<group>";
		};
/* End PBXGroup section */

/* Begin PBXNativeTarget section */
		0725A2271B7FCAA70002B7A0 /* BmwApp */ = {
			isa = PBXNativeTarget;
			buildConfigurationList = 0725A24B1B7FCAA70002B7A0 /* Build configuration list for PBXNativeTarget "BmwApp" */;
			buildPhases = (
				0725A2241B7FCAA70002B7A0 /* Sources */,
				0725A2251B7FCAA70002B7A0 /* Frameworks */,
				0725A2261B7FCAA70002B7A0 /* Resources */,
				E06FC1481B80C4D600563579 /* Embed App Extensions */,
			);
			buildRules = (
			);
			dependencies = (
				E06FC1401B80C4D600563579 /* PBXTargetDependency */,
			);
			name = BmwApp;
			productName = BmwApp;
			productReference = 0725A2281B7FCAA70002B7A0 /* BmwApp.app */;
			productType = "com.apple.product-type.application";
		};
		0725A2401B7FCAA70002B7A0 /* BmwAppTests */ = {
			isa = PBXNativeTarget;
			buildConfigurationList = 0725A24E1B7FCAA70002B7A0 /* Build configuration list for PBXNativeTarget "BmwAppTests" */;
			buildPhases = (
				0725A23D1B7FCAA70002B7A0 /* Sources */,
				0725A23E1B7FCAA70002B7A0 /* Frameworks */,
				0725A23F1B7FCAA70002B7A0 /* Resources */,
			);
			buildRules = (
			);
			dependencies = (
				0725A2431B7FCAA70002B7A0 /* PBXTargetDependency */,
			);
			name = BmwAppTests;
			productName = BmwAppTests;
			productReference = 0725A2411B7FCAA70002B7A0 /* BmwAppTests.xctest */;
			productType = "com.apple.product-type.bundle.unit-test";
		};
		E06FC1251B80C4D600563579 /* BmwApp WatchKit Extension */ = {
			isa = PBXNativeTarget;
			buildConfigurationList = E06FC1471B80C4D600563579 /* Build configuration list for PBXNativeTarget "BmwApp WatchKit Extension" */;
			buildPhases = (
				E06FC1221B80C4D600563579 /* Sources */,
				E06FC1231B80C4D600563579 /* Frameworks */,
				E06FC1241B80C4D600563579 /* Resources */,
			);
			buildRules = (
			);
			dependencies = (
				E06FC1361B80C4D600563579 /* PBXTargetDependency */,
			);
			name = "BmwApp WatchKit Extension";
			productName = "BmwApp WatchKit Extension";
			productReference = E06FC1261B80C4D600563579 /* BmwApp WatchKit Extension.appex */;
			productType = "com.apple.product-type.watchkit-extension";
		};
		E06FC1321B80C4D600563579 /* BmwApp WatchKit App */ = {
			isa = PBXNativeTarget;
			buildConfigurationList = E06FC1461B80C4D600563579 /* Build configuration list for PBXNativeTarget "BmwApp WatchKit App" */;
			buildPhases = (
				E06FC1311B80C4D600563579 /* Resources */,
			);
			buildRules = (
			);
			dependencies = (
			);
			name = "BmwApp WatchKit App";
			productName = "BmwApp WatchKit App";
			productReference = E06FC1331B80C4D600563579 /* BmwApp WatchKit App.app */;
			productType = "com.apple.product-type.application.watchapp";
		};
/* End PBXNativeTarget section */

/* Begin PBXProject section */
		0725A2201B7FCAA70002B7A0 /* Project object */ = {
			isa = PBXProject;
			attributes = {
				LastUpgradeCheck = 0640;
				ORGANIZATIONNAME = "Abner Castro Aguilar";
				TargetAttributes = {
					0725A2271B7FCAA70002B7A0 = {
						CreatedOnToolsVersion = 6.4;
						DevelopmentTeam = 27MUBRMHKJ;
						SystemCapabilities = {
							com.apple.ApplicationGroups.iOS = {
								enabled = 1;
							};
						};
					};
					0725A2401B7FCAA70002B7A0 = {
						CreatedOnToolsVersion = 6.4;
						TestTargetID = 0725A2271B7FCAA70002B7A0;
					};
					E06FC1251B80C4D600563579 = {
						CreatedOnToolsVersion = 6.4;
						DevelopmentTeam = 27MUBRMHKJ;
						SystemCapabilities = {
							com.apple.ApplicationGroups.iOS = {
								enabled = 1;
							};
						};
					};
					E06FC1321B80C4D600563579 = {
						CreatedOnToolsVersion = 6.4;
					};
				};
			};
			buildConfigurationList = 0725A2231B7FCAA70002B7A0 /* Build configuration list for PBXProject "BmwApp" */;
			compatibilityVersion = "Xcode 3.2";
			developmentRegion = English;
			hasScannedForEncodings = 0;
			knownRegions = (
				en,
				Base,
			);
			mainGroup = 0725A21F1B7FCAA70002B7A0;
			productRefGroup = 0725A2291B7FCAA70002B7A0 /* Products */;
			projectDirPath = "";
			projectRoot = "";
			targets = (
				0725A2271B7FCAA70002B7A0 /* BmwApp */,
				0725A2401B7FCAA70002B7A0 /* BmwAppTests */,
				E06FC1251B80C4D600563579 /* BmwApp WatchKit Extension */,
				E06FC1321B80C4D600563579 /* BmwApp WatchKit App */,
			);
		};
/* End PBXProject section */

/* Begin PBXResourcesBuildPhase section */
		0725A2261B7FCAA70002B7A0 /* Resources */ = {
			isa = PBXResourcesBuildPhase;
			buildActionMask = 2147483647;
			files = (
				0725A23C1B7FCAA70002B7A0 /* LaunchScreen.xib in Resources */,
				0725A2391B7FCAA70002B7A0 /* Images.xcassets in Resources */,
				07CA2C4B1B80F76B00C8625B /* iPhone6Resolution_4.png in Resources */,
				A01C7C061B80B06B008CEB90 /* FacebookSDKStrings.bundle in Resources */,
				0725A25E1B8039C20002B7A0 /* wallpaper_1600x1200_planet_power_02.jpg in Resources */,
				07CA2C481B80F76B00C8625B /* iPhone6Resolution.png in Resources */,
				0725A25F1B8039C20002B7A0 /* wallpaper_gs_legend_1440x900_03.jpg in Resources */,
				0725A25D1B8039C20002B7A0 /* BMW-Z4-2013-Facelift-E89-LCI-Wallpaper-1920x1200-06.jpg in Resources */,
				07CA2C4A1B80F76B00C8625B /* iPhone6Resolution_3.png in Resources */,
				A02CF4201B80BC98009AD983 /* Main.storyboard in Resources */,
				07CA2C491B80F76B00C8625B /* iPhone6Resolution_2.png in Resources */,
				07CA2C431B80F49A00C8625B /* joseluis.jpg in Resources */,
				0725A25C1B8039C20002B7A0 /* BMW-K1600-GT-Wallpaper-04.jpg in Resources */,
				0725A25B1B8039C20002B7A0 /* BMW motorrad maze.jpg in Resources */,
			);
			runOnlyForDeploymentPostprocessing = 0;
		};
		0725A23F1B7FCAA70002B7A0 /* Resources */ = {
			isa = PBXResourcesBuildPhase;
			buildActionMask = 2147483647;
			files = (
			);
			runOnlyForDeploymentPostprocessing = 0;
		};
		E06FC1241B80C4D600563579 /* Resources */ = {
			isa = PBXResourcesBuildPhase;
			buildActionMask = 2147483647;
			files = (
				E06FC1301B80C4D600563579 /* Images.xcassets in Resources */,
				E06FC1341B80C4D600563579 /* BmwApp WatchKit App.app in Resources */,
			);
			runOnlyForDeploymentPostprocessing = 0;
		};
		E06FC1311B80C4D600563579 /* Resources */ = {
			isa = PBXResourcesBuildPhase;
			buildActionMask = 2147483647;
			files = (
				E06FC13C1B80C4D600563579 /* Interface.storyboard in Resources */,
				E06FC13E1B80C4D600563579 /* Images.xcassets in Resources */,
			);
			runOnlyForDeploymentPostprocessing = 0;
		};
/* End PBXResourcesBuildPhase section */

/* Begin PBXSourcesBuildPhase section */
		0725A2241B7FCAA70002B7A0 /* Sources */ = {
			isa = PBXSourcesBuildPhase;
			buildActionMask = 2147483647;
			files = (
				0725A2341B7FCAA70002B7A0 /* ViewController.m in Sources */,
				A907D8A51B800F4000DF461D /* ContactsViewController.m in Sources */,
				A02CF4231B80C317009AD983 /* RidersManager.m in Sources */,
				A01C7BF21B809C02008CEB90 /* ABStandin.m in Sources */,
				A01C7BE01B809535008CEB90 /* AddUserInfoViewController.m in Sources */,
				07CA2C411B80E39100C8625B /* ProfileViewController.m in Sources */,
				E01EFCF11B8052A000000ADF /* Vector.swift in Sources */,
				0725A2311B7FCAA70002B7A0 /* AppDelegate.m in Sources */,
				A01C7BEF1B809C02008CEB90 /* ABContact.m in Sources */,
				A01C7BF11B809C02008CEB90 /* ABGroup.m in Sources */,
				0725A22E1B7FCAA70002B7A0 /* main.m in Sources */,
				0725A2621B8046BE0002B7A0 /* LocationSingleton.m in Sources */,
				A907D8A21B7FFC0500DF461D /* RidingViewController.m in Sources */,
				0725A2531B7FEA320002B7A0 /* MainViewController.m in Sources */,
				A01C7BF01B809C02008CEB90 /* ABContactsHelper.m in Sources */,
				E01EFCF31B8052AA00000ADF /* ColisionDetector.swift in Sources */,
			);
			runOnlyForDeploymentPostprocessing = 0;
		};
		0725A23D1B7FCAA70002B7A0 /* Sources */ = {
			isa = PBXSourcesBuildPhase;
			buildActionMask = 2147483647;
			files = (
				0725A2481B7FCAA70002B7A0 /* BmwAppTests.m in Sources */,
			);
			runOnlyForDeploymentPostprocessing = 0;
		};
		E06FC1221B80C4D600563579 /* Sources */ = {
			isa = PBXSourcesBuildPhase;
			buildActionMask = 2147483647;
			files = (
				E06FC12E1B80C4D600563579 /* NotificationController.swift in Sources */,
				E06FC12C1B80C4D600563579 /* InterfaceController.swift in Sources */,
			);
			runOnlyForDeploymentPostprocessing = 0;
		};
/* End PBXSourcesBuildPhase section */

/* Begin PBXTargetDependency section */
		0725A2431B7FCAA70002B7A0 /* PBXTargetDependency */ = {
			isa = PBXTargetDependency;
			target = 0725A2271B7FCAA70002B7A0 /* BmwApp */;
			targetProxy = 0725A2421B7FCAA70002B7A0 /* PBXContainerItemProxy */;
		};
		E06FC1361B80C4D600563579 /* PBXTargetDependency */ = {
			isa = PBXTargetDependency;
			target = E06FC1321B80C4D600563579 /* BmwApp WatchKit App */;
			targetProxy = E06FC1351B80C4D600563579 /* PBXContainerItemProxy */;
		};
		E06FC1401B80C4D600563579 /* PBXTargetDependency */ = {
			isa = PBXTargetDependency;
			target = E06FC1251B80C4D600563579 /* BmwApp WatchKit Extension */;
			targetProxy = E06FC13F1B80C4D600563579 /* PBXContainerItemProxy */;
		};
/* End PBXTargetDependency section */

/* Begin PBXVariantGroup section */
		0725A23A1B7FCAA70002B7A0 /* LaunchScreen.xib */ = {
			isa = PBXVariantGroup;
			children = (
				0725A23B1B7FCAA70002B7A0 /* Base */,
			);
			name = LaunchScreen.xib;
			sourceTree = "<group>";
		};
		E06FC13A1B80C4D600563579 /* Interface.storyboard */ = {
			isa = PBXVariantGroup;
			children = (
				E06FC13B1B80C4D600563579 /* Base */,
			);
			name = Interface.storyboard;
			sourceTree = "<group>";
		};
/* End PBXVariantGroup section */

/* Begin XCBuildConfiguration section */
		0725A2491B7FCAA70002B7A0 /* Debug */ = {
			isa = XCBuildConfiguration;
			buildSettings = {
				ALWAYS_SEARCH_USER_PATHS = NO;
				CLANG_CXX_LANGUAGE_STANDARD = "gnu++0x";
				CLANG_CXX_LIBRARY = "libc++";
				CLANG_ENABLE_MODULES = YES;
				CLANG_ENABLE_OBJC_ARC = YES;
				CLANG_WARN_BOOL_CONVERSION = YES;
				CLANG_WARN_CONSTANT_CONVERSION = YES;
				CLANG_WARN_DIRECT_OBJC_ISA_USAGE = YES_ERROR;
				CLANG_WARN_EMPTY_BODY = YES;
				CLANG_WARN_ENUM_CONVERSION = YES;
				CLANG_WARN_INT_CONVERSION = YES;
				CLANG_WARN_OBJC_ROOT_CLASS = YES_ERROR;
				CLANG_WARN_UNREACHABLE_CODE = YES;
				CLANG_WARN__DUPLICATE_METHOD_MATCH = YES;
				"CODE_SIGN_IDENTITY[sdk=iphoneos*]" = "iPhone Developer";
				COPY_PHASE_STRIP = NO;
				DEBUG_INFORMATION_FORMAT = "dwarf-with-dsym";
				ENABLE_STRICT_OBJC_MSGSEND = YES;
				GCC_C_LANGUAGE_STANDARD = gnu99;
				GCC_DYNAMIC_NO_PIC = NO;
				GCC_NO_COMMON_BLOCKS = YES;
				GCC_OPTIMIZATION_LEVEL = 0;
				GCC_PREPROCESSOR_DEFINITIONS = (
					"DEBUG=1",
					"$(inherited)",
				);
				GCC_SYMBOLS_PRIVATE_EXTERN = NO;
				GCC_WARN_64_TO_32_BIT_CONVERSION = YES;
				GCC_WARN_ABOUT_RETURN_TYPE = YES_ERROR;
				GCC_WARN_UNDECLARED_SELECTOR = YES;
				GCC_WARN_UNINITIALIZED_AUTOS = YES_AGGRESSIVE;
				GCC_WARN_UNUSED_FUNCTION = YES;
				GCC_WARN_UNUSED_VARIABLE = YES;
				IPHONEOS_DEPLOYMENT_TARGET = 8.4;
				MTL_ENABLE_DEBUG_INFO = YES;
				ONLY_ACTIVE_ARCH = YES;
				SDKROOT = iphoneos;
			};
			name = Debug;
		};
		0725A24A1B7FCAA70002B7A0 /* Release */ = {
			isa = XCBuildConfiguration;
			buildSettings = {
				ALWAYS_SEARCH_USER_PATHS = NO;
				CLANG_CXX_LANGUAGE_STANDARD = "gnu++0x";
				CLANG_CXX_LIBRARY = "libc++";
				CLANG_ENABLE_MODULES = YES;
				CLANG_ENABLE_OBJC_ARC = YES;
				CLANG_WARN_BOOL_CONVERSION = YES;
				CLANG_WARN_CONSTANT_CONVERSION = YES;
				CLANG_WARN_DIRECT_OBJC_ISA_USAGE = YES_ERROR;
				CLANG_WARN_EMPTY_BODY = YES;
				CLANG_WARN_ENUM_CONVERSION = YES;
				CLANG_WARN_INT_CONVERSION = YES;
				CLANG_WARN_OBJC_ROOT_CLASS = YES_ERROR;
				CLANG_WARN_UNREACHABLE_CODE = YES;
				CLANG_WARN__DUPLICATE_METHOD_MATCH = YES;
				"CODE_SIGN_IDENTITY[sdk=iphoneos*]" = "iPhone Developer";
				COPY_PHASE_STRIP = NO;
				DEBUG_INFORMATION_FORMAT = "dwarf-with-dsym";
				ENABLE_NS_ASSERTIONS = NO;
				ENABLE_STRICT_OBJC_MSGSEND = YES;
				GCC_C_LANGUAGE_STANDARD = gnu99;
				GCC_NO_COMMON_BLOCKS = YES;
				GCC_WARN_64_TO_32_BIT_CONVERSION = YES;
				GCC_WARN_ABOUT_RETURN_TYPE = YES_ERROR;
				GCC_WARN_UNDECLARED_SELECTOR = YES;
				GCC_WARN_UNINITIALIZED_AUTOS = YES_AGGRESSIVE;
				GCC_WARN_UNUSED_FUNCTION = YES;
				GCC_WARN_UNUSED_VARIABLE = YES;
				IPHONEOS_DEPLOYMENT_TARGET = 8.4;
				MTL_ENABLE_DEBUG_INFO = NO;
				SDKROOT = iphoneos;
				VALIDATE_PRODUCT = YES;
			};
			name = Release;
		};
		0725A24C1B7FCAA70002B7A0 /* Debug */ = {
			isa = XCBuildConfiguration;
			baseConfigurationReference = E2CD28466B14303F75D16D6E /* Pods-BmwApp.debug.xcconfig */;
			buildSettings = {
				ASSETCATALOG_COMPILER_APPICON_NAME = AppIcon;
				CLANG_ENABLE_MODULES = YES;
				CODE_SIGN_ENTITLEMENTS = BmwApp/BmwApp.entitlements;
				EMBEDDED_CONTENT_CONTAINS_SWIFT = YES;
				FRAMEWORK_SEARCH_PATHS = (
					"$(inherited)",
					"$(PROJECT_DIR)/BmwApp/Address",
					Book,
					Wrappers,
					"$(PROJECT_DIR)/BmwApp",
					"$(PROJECT_DIR)/BmwApp/FacebookSDKStrings.bundle",
					"$(PROJECT_DIR)",
				);
				INFOPLIST_FILE = BmwApp/Info.plist;
				LD_RUNPATH_SEARCH_PATHS = "$(inherited) @executable_path/Frameworks";
				LIBRARY_SEARCH_PATHS = "";
				OTHER_LIBTOOLFLAGS = "";
				PRODUCT_NAME = BmwApp;
				SWIFT_OBJC_BRIDGING_HEADER = "BmwApp/BmwApp-Bridging-Header.h";
				SWIFT_OPTIMIZATION_LEVEL = "-Onone";
			};
			name = Debug;
		};
		0725A24D1B7FCAA70002B7A0 /* Release */ = {
			isa = XCBuildConfiguration;
			baseConfigurationReference = 49FA5A96BFDF7BC3EAC57965 /* Pods-BmwApp.release.xcconfig */;
			buildSettings = {
				ASSETCATALOG_COMPILER_APPICON_NAME = AppIcon;
				CLANG_ENABLE_MODULES = YES;
				CODE_SIGN_ENTITLEMENTS = BmwApp/BmwApp.entitlements;
				EMBEDDED_CONTENT_CONTAINS_SWIFT = YES;
				FRAMEWORK_SEARCH_PATHS = (
					"$(inherited)",
					"$(PROJECT_DIR)/BmwApp/Address",
					Book,
					Wrappers,
					"$(PROJECT_DIR)/BmwApp",
					"$(PROJECT_DIR)/BmwApp/FacebookSDKStrings.bundle",
					"$(PROJECT_DIR)",
				);
				INFOPLIST_FILE = BmwApp/Info.plist;
				LD_RUNPATH_SEARCH_PATHS = "$(inherited) @executable_path/Frameworks";
				LIBRARY_SEARCH_PATHS = "";
				OTHER_LIBTOOLFLAGS = "";
				PRODUCT_NAME = BmwApp;
				SWIFT_OBJC_BRIDGING_HEADER = "BmwApp/BmwApp-Bridging-Header.h";
			};
			name = Release;
		};
		0725A24F1B7FCAA70002B7A0 /* Debug */ = {
			isa = XCBuildConfiguration;
			buildSettings = {
				BUNDLE_LOADER = "$(TEST_HOST)";
				FRAMEWORK_SEARCH_PATHS = (
					"$(SDKROOT)/Developer/Library/Frameworks",
					"$(inherited)",
				);
				GCC_PREPROCESSOR_DEFINITIONS = (
					"DEBUG=1",
					"$(inherited)",
				);
				INFOPLIST_FILE = BmwAppTests/Info.plist;
				LD_RUNPATH_SEARCH_PATHS = "$(inherited) @executable_path/Frameworks @loader_path/Frameworks";
				PRODUCT_NAME = "$(TARGET_NAME)";
				TEST_HOST = "$(BUILT_PRODUCTS_DIR)/BmwApp.app/BmwApp";
			};
			name = Debug;
		};
		0725A2501B7FCAA70002B7A0 /* Release */ = {
			isa = XCBuildConfiguration;
			buildSettings = {
				BUNDLE_LOADER = "$(TEST_HOST)";
				FRAMEWORK_SEARCH_PATHS = (
					"$(SDKROOT)/Developer/Library/Frameworks",
					"$(inherited)",
				);
				INFOPLIST_FILE = BmwAppTests/Info.plist;
				LD_RUNPATH_SEARCH_PATHS = "$(inherited) @executable_path/Frameworks @loader_path/Frameworks";
				PRODUCT_NAME = "$(TARGET_NAME)";
				TEST_HOST = "$(BUILT_PRODUCTS_DIR)/BmwApp.app/BmwApp";
			};
			name = Release;
		};
		E06FC1421B80C4D600563579 /* Debug */ = {
			isa = XCBuildConfiguration;
			buildSettings = {
				CODE_SIGN_ENTITLEMENTS = "BmwApp WatchKit Extension/BmwApp WatchKit Extension.entitlements";
				CODE_SIGN_IDENTITY = "iPhone Developer";
				"CODE_SIGN_IDENTITY[sdk=iphoneos*]" = "iPhone Developer";
				GCC_PREPROCESSOR_DEFINITIONS = (
					"DEBUG=1",
					"$(inherited)",
				);
				INFOPLIST_FILE = "BmwApp WatchKit Extension/Info.plist";
				LD_RUNPATH_SEARCH_PATHS = "$(inherited) @executable_path/Frameworks @executable_path/../../Frameworks";
				PRODUCT_NAME = "${TARGET_NAME}";
				PROVISIONING_PROFILE = "";
				SKIP_INSTALL = YES;
				SWIFT_OPTIMIZATION_LEVEL = "-Onone";
			};
			name = Debug;
		};
		E06FC1431B80C4D600563579 /* Release */ = {
			isa = XCBuildConfiguration;
			buildSettings = {
				CODE_SIGN_ENTITLEMENTS = "BmwApp WatchKit Extension/BmwApp WatchKit Extension.entitlements";
				CODE_SIGN_IDENTITY = "iPhone Developer";
				"CODE_SIGN_IDENTITY[sdk=iphoneos*]" = "iPhone Developer";
				INFOPLIST_FILE = "BmwApp WatchKit Extension/Info.plist";
				LD_RUNPATH_SEARCH_PATHS = "$(inherited) @executable_path/Frameworks @executable_path/../../Frameworks";
				PRODUCT_NAME = "${TARGET_NAME}";
				PROVISIONING_PROFILE = "";
				SKIP_INSTALL = YES;
			};
			name = Release;
		};
		E06FC1441B80C4D600563579 /* Debug */ = {
			isa = XCBuildConfiguration;
			buildSettings = {
				ASSETCATALOG_COMPILER_APPICON_NAME = AppIcon;
				GCC_PREPROCESSOR_DEFINITIONS = (
					"DEBUG=1",
					"$(inherited)",
				);
				IBSC_MODULE = BmwApp_WatchKit_Extension;
				INFOPLIST_FILE = "BmwApp WatchKit App/Info.plist";
				IPHONEOS_DEPLOYMENT_TARGET = 8.2;
				PRODUCT_NAME = "$(TARGET_NAME)";
				SKIP_INSTALL = YES;
				TARGETED_DEVICE_FAMILY = 4;
				"TARGETED_DEVICE_FAMILY[sdk=iphonesimulator*]" = "1,4";
			};
			name = Debug;
		};
		E06FC1451B80C4D600563579 /* Release */ = {
			isa = XCBuildConfiguration;
			buildSettings = {
				ASSETCATALOG_COMPILER_APPICON_NAME = AppIcon;
				IBSC_MODULE = BmwApp_WatchKit_Extension;
				INFOPLIST_FILE = "BmwApp WatchKit App/Info.plist";
				IPHONEOS_DEPLOYMENT_TARGET = 8.2;
				PRODUCT_NAME = "$(TARGET_NAME)";
				SKIP_INSTALL = YES;
				TARGETED_DEVICE_FAMILY = 4;
				"TARGETED_DEVICE_FAMILY[sdk=iphonesimulator*]" = "1,4";
			};
			name = Release;
		};
/* End XCBuildConfiguration section */

/* Begin XCConfigurationList section */
		0725A2231B7FCAA70002B7A0 /* Build configuration list for PBXProject "BmwApp" */ = {
			isa = XCConfigurationList;
			buildConfigurations = (
				0725A2491B7FCAA70002B7A0 /* Debug */,
				0725A24A1B7FCAA70002B7A0 /* Release */,
			);
			defaultConfigurationIsVisible = 0;
			defaultConfigurationName = Release;
		};
		0725A24B1B7FCAA70002B7A0 /* Build configuration list for PBXNativeTarget "BmwApp" */ = {
			isa = XCConfigurationList;
			buildConfigurations = (
				0725A24C1B7FCAA70002B7A0 /* Debug */,
				0725A24D1B7FCAA70002B7A0 /* Release */,
			);
			defaultConfigurationIsVisible = 0;
			defaultConfigurationName = Release;
		};
		0725A24E1B7FCAA70002B7A0 /* Build configuration list for PBXNativeTarget "BmwAppTests" */ = {
			isa = XCConfigurationList;
			buildConfigurations = (
				0725A24F1B7FCAA70002B7A0 /* Debug */,
				0725A2501B7FCAA70002B7A0 /* Release */,
			);
			defaultConfigurationIsVisible = 0;
			defaultConfigurationName = Release;
		};
		E06FC1461B80C4D600563579 /* Build configuration list for PBXNativeTarget "BmwApp WatchKit App" */ = {
			isa = XCConfigurationList;
			buildConfigurations = (
				E06FC1441B80C4D600563579 /* Debug */,
				E06FC1451B80C4D600563579 /* Release */,
			);
			defaultConfigurationIsVisible = 0;
			defaultConfigurationName = Release;
		};
		E06FC1471B80C4D600563579 /* Build configuration list for PBXNativeTarget "BmwApp WatchKit Extension" */ = {
			isa = XCConfigurationList;
			buildConfigurations = (
				E06FC1421B80C4D600563579 /* Debug */,
				E06FC1431B80C4D600563579 /* Release */,
			);
			defaultConfigurationIsVisible = 0;
			defaultConfigurationName = Release;
		};
/* End XCConfigurationList section */
	};
	rootObject = 0725A2201B7FCAA70002B7A0 /* Project object */;
}
